
Microsoft Visual Studio Solution File, Format Version 12.00
# Visual Studio Version 16
VisualStudioVersion = 16.0.31410.357
MinimumVisualStudioVersion = 10.0.40219.1
Project("{FAE04EC0-301F-11D3-BF4B-00C04F79EFBC}") = "Github", "Github\Github.csproj", "{96C3CF15-BD6B-4B78-A3C4-5ECBCF3A8B68}"
EndProject
Global
	GlobalSection(SolutionConfigurationPlatforms) = preSolution
		Debug|Any CPU = Debug|Any CPU
		Release|Any CPU = Release|Any CPU
	EndGlobalSection
	GlobalSection(ProjectConfigurationPlatforms) = postSolution
		{96C3CF15-BD6B-4B78-A3C4-5ECBCF3A8B68}.Debug|Any CPU.ActiveCfg = Debug|Any CPU
		{96C3CF15-BD6B-4B78-A3C4-5ECBCF3A8B68}.Debug|Any CPU.Build.0 = Debug|Any CPU
		{96C3CF15-BD6B-4B78-A3C4-5ECBCF3A8B68}.Release|Any CPU.ActiveCfg = Release|Any CPU
		{96C3CF15-BD6B-4B78-A3C4-5ECBCF3A8B68}.Release|Any CPU.Build.0 = Release|Any CPU
	EndGlobalSection
	GlobalSection(SolutionProperties) = preSolution
		HideSolutionNode = FALSE
	EndGlobalSection
	GlobalSection(ExtensibilityGlobals) = postSolution
		SolutionGuid = {73833593-060A-46C5-A59C-C41B2586920E}
	EndGlobalSection
EndGlobal
